# THIS IS AN AUTOGENERATED FILE. DO NOT EDIT THIS FILE DIRECTLY.
# yarn lockfile v1


"@splidejs/react-splide@^0.7.12":
  version "0.7.12"
  resolved "https://registry.yarnpkg.com/@splidejs/react-splide/-/react-splide-0.7.12.tgz#c7efe231bbbb6812da64689178b6c871269baff5"
  integrity sha512-UfXH+j47jsMc4x5HA/aOwuuHPqn6y9+ZTNYPWDRD8iLKvIVMZlzq2unjUEvyDAU+TTVPZOXkG2Ojeoz0P4AkZw==
  dependencies:
    "@splidejs/splide" "^4.1.3"

"@splidejs/splide@^4.1.3":
  version "4.1.4"
  resolved "https://registry.yarnpkg.com/@splidejs/splide/-/splide-4.1.4.tgz#02d029360569e7d75d28357a9727fc48322015a3"
  integrity sha512-5I30evTJcAJQXt6vJ26g2xEkG+l1nXcpEw4xpKh0/FWQ8ozmAeTbtniVtVmz2sH1Es3vgfC4SS8B2X4o5JMptA==

"@types/node@^13.9.8":
  version "13.13.52"
  resolved "https://registry.yarnpkg.com/@types/node/-/node-13.13.52.tgz#03c13be70b9031baaed79481c0c0cfb0045e53f7"
  integrity sha512-s3nugnZumCC//n4moGGe6tkNMyYEdaDBitVjwPxXmR5lnMG5dHePinH2EdxkG3Rh1ghFHHixAG4NJhpJW1rthQ==

"@types/react@^19.2.0":
  version "19.2.7"
  resolved "https://registry.yarnpkg.com/@types/react/-/react-19.2.7.tgz#84e62c0f23e8e4e5ac2cadcea1ffeacccae7f62f"
  integrity sha512-MWtvHrGZLFttgeEj28VXHxpmwYbor/ATPYbBfSFZEIRK0ecCFLl2Qo55z52Hss+UV9CRN7trSeq1zbgx7YDWWg==
  dependencies:
    csstype "^3.2.2"

"@vtex/tsconfig@^0.4.4":
  version "0.4.4"
  resolved "https://registry.yarnpkg.com/@vtex/tsconfig/-/tsconfig-0.4.4.tgz#03fd9a65aabe4820e57a9ef14a01fdda1fab26fd"
  integrity sha512-aja4GABSbOyAC02TBEHem9ONN01fmKJR70t1+PNCgHGrmSVaLcjjQ7HbU0hhoyp+q7MvRIZznM60tIlntTogNA==

csstype@^3.2.2:
  version "3.2.3"
  resolved "https://registry.yarnpkg.com/csstype/-/csstype-3.2.3.tgz#ec48c0f3e993e50648c86da559e2610995cf989a"
  integrity sha512-z1HGKcYy2xA8AGQfwrn0PAy+PB7X/GSj3UVJW9qKyn43xWa+gl5nXmU4qqLMRzWVLFC8KusUX8T/0kCiOYpAIQ==

react@^19.2.0:
  version "19.2.1"
  resolved "https://registry.yarnpkg.com/react/-/react-19.2.1.tgz#8600fa205e58e2e807f6ef431c9f6492591a2700"
  integrity sha512-DGrYcCWK7tvYMnWh79yrPHt+vdx9tY+1gPZa7nJQtO/p8bLTDaHp4dzwEhQB7pZ4Xe3ok4XKuEPrVuc+wlpkmw==

typescript@3.9.7:
  version "3.9.7"
  resolved "https://registry.yarnpkg.com/typescript/-/typescript-3.9.7.tgz#98d600a5ebdc38f40cb277522f12dc800e9e25fa"
  integrity sha512-BLbiRkiBzAwsjut4x/dsibSTB6yWpwT5qWmC2OfuCg3GgVQCSgMs4vEctYPhsaGtd0AeuuHMkjZ2h2WG8MSzRw==
